<?xml version="1.0" encoding="utf-8"?>
<Project ToolsVersion="4.0" xmlns="http://schemas.microsoft.com/developer/msbuild/2003">
  <ItemGroup>
    <ClCompile Include="OgnTest.cpp" />
    <ClCompile Include="OgnTestIncludes.cpp" />
    <ClCompile Include="OgnTestCmdDkimGen.cpp" />
    <ClCompile Include="OgnTestCmdGenMsg.cpp" />
    <ClCompile Include="OgnTestCmdRun.cpp" />
    <ClCompile Include="OgnTestCommon.cpp" />
    <ClCompile Include="OgnTestCmdEnums.cpp" />
    <ClCompile Include="OgnTestCmdSendMsg.cpp" />
    <ClCompile Include="OgnTestCmdDkimPub.cpp" />
    <ClCompile Include="OgnTestCmdAddrs.cpp" />
  </ItemGroup>
  <ItemGroup>
    <ClInclude Include="OgnTestIncludes.h" />
    <ClInclude Include="OgnTestCommon.h" />
  </ItemGroup>
</Project>